
Microsoft Visual Studio Solution File, Format Version 12.00
# Visual Studio Version 17
VisualStudioVersion = 17.12.35527.113 d17.12
MinimumVisualStudioVersion = 10.0.40219.1
Project("{FAE04EC0-301F-11D3-BF4B-00C04F79EFBC}") = "ReactLibrary.Server", "ReactLibrary.Server\ReactLibrary.Server.csproj", "{759D585E-4037-4909-B83C-1FE142CA8AD9}"
EndProject
Project("{54A90642-561A-4BB1-A94E-469ADEE60C69}") = "reactlibrary.client", "reactlibrary.client\reactlibrary.client.esproj", "{6D6D7744-8E50-4A8C-9481-488FFDC5D119}"
EndProject
Global
	GlobalSection(SolutionConfigurationPlatforms) = preSolution
		Debug|Any CPU = Debug|Any CPU
		Release|Any CPU = Release|Any CPU
	EndGlobalSection
	GlobalSection(ProjectConfigurationPlatforms) = postSolution
		{759D585E-4037-4909-B83C-1FE142CA8AD9}.Debug|Any CPU.ActiveCfg = Debug|Any CPU
		{759D585E-4037-4909-B83C-1FE142CA8AD9}.Debug|Any CPU.Build.0 = Debug|Any CPU
		{759D585E-4037-4909-B83C-1FE142CA8AD9}.Release|Any CPU.ActiveCfg = Release|Any CPU
		{759D585E-4037-4909-B83C-1FE142CA8AD9}.Release|Any CPU.Build.0 = Release|Any CPU
		{6D6D7744-8E50-4A8C-9481-488FFDC5D119}.Debug|Any CPU.ActiveCfg = Debug|Any CPU
		{6D6D7744-8E50-4A8C-9481-488FFDC5D119}.Debug|Any CPU.Build.0 = Debug|Any CPU
		{6D6D7744-8E50-4A8C-9481-488FFDC5D119}.Debug|Any CPU.Deploy.0 = Debug|Any CPU
		{6D6D7744-8E50-4A8C-9481-488FFDC5D119}.Release|Any CPU.ActiveCfg = Release|Any CPU
		{6D6D7744-8E50-4A8C-9481-488FFDC5D119}.Release|Any CPU.Build.0 = Release|Any CPU
		{6D6D7744-8E50-4A8C-9481-488FFDC5D119}.Release|Any CPU.Deploy.0 = Release|Any CPU
	EndGlobalSection
	GlobalSection(SolutionProperties) = preSolution
		HideSolutionNode = FALSE
	EndGlobalSection
EndGlobal
